
Microsoft Visual Studio Solution File, Format Version 12.00
# Visual Studio Version 16
VisualStudioVersion = 16.0.30523.141
MinimumVisualStudioVersion = 10.0.40219.1
Project("{8BC9CEB8-8B4A-11D0-8D11-00A0C91BC942}") = "Selection_Sort", "Selection_Sort\Selection_Sort.vcxproj", "{B538458D-3B8F-4735-AA49-4DC78D553957}"
EndProject
Global
	GlobalSection(SolutionConfigurationPlatforms) = preSolution
		Debug|x64 = Debug|x64
		Debug|x86 = Debug|x86
		Release|x64 = Release|x64
		Release|x86 = Release|x86
	EndGlobalSection
	GlobalSection(ProjectConfigurationPlatforms) = postSolution
		{B538458D-3B8F-4735-AA49-4DC78D553957}.Debug|x64.ActiveCfg = Debug|x64
		{B538458D-3B8F-4735-AA49-4DC78D553957}.Debug|x64.Build.0 = Debug|x64
		{B538458D-3B8F-4735-AA49-4DC78D553957}.Debug|x86.ActiveCfg = Debug|Win32
		{B538458D-3B8F-4735-AA49-4DC78D553957}.Debug|x86.Build.0 = Debug|Win32
		{B538458D-3B8F-4735-AA49-4DC78D553957}.Release|x64.ActiveCfg = Release|x64
		{B538458D-3B8F-4735-AA49-4DC78D553957}.Release|x64.Build.0 = Release|x64
		{B538458D-3B8F-4735-AA49-4DC78D553957}.Release|x86.ActiveCfg = Release|Win32
		{B538458D-3B8F-4735-AA49-4DC78D553957}.Release|x86.Build.0 = Release|Win32
	EndGlobalSection
	GlobalSection(SolutionProperties) = preSolution
		HideSolutionNode = FALSE
	EndGlobalSection
	GlobalSection(ExtensibilityGlobals) = postSolution
		SolutionGuid = {F85CBF19-49C8-4F59-BAC2-29C354F686B0}
	EndGlobalSection
EndGlobal
